
Microsoft Visual Studio Solution File, Format Version 12.00
# Visual Studio Version 17
VisualStudioVersion = 17.5.002.0
MinimumVisualStudioVersion = 10.0.40219.1
Project("{9A19103F-16F7-4668-BE54-9A1E7A4F7556}") = "FrotaApp.API", "FrotaApp.API\FrotaApp.API.csproj", "{E134F0D7-7B82-4444-8135-B7A366FA5981}"
EndProject
Project("{9A19103F-16F7-4668-BE54-9A1E7A4F7556}") = "FrotaApp.Domain", "FrotaApp.Domain\FrotaApp.Domain.csproj", "{49F056FB-778A-4C36-A615-0E22474274B8}"
EndProject
Project("{FAE04EC0-301F-11D3-BF4B-00C04F79EFBC}") = "FrotaApp.Application.Input", "FrotaApp.Application.Input\FrotaApp.Application.Input.csproj", "{C82B33B5-00BD-4315-9EE4-827E6F499791}"
EndProject
Project("{FAE04EC0-301F-11D3-BF4B-00C04F79EFBC}") = "FrotaApp.Application.Output", "FrotaApp.Application.Output\FrotaApp.Application.Output.csproj", "{8EBC85A0-CBF3-408C-9F33-F3AC5110F844}"
EndProject
Project("{FAE04EC0-301F-11D3-BF4B-00C04F79EFBC}") = "FrotaApp.Infrastructure.Input", "FrotaApp.Infrastructure.Input\FrotaApp.Infrastructure.Input.csproj", "{65624CD6-DD51-4591-BEA1-EEF52C0AAB64}"
EndProject
Project("{FAE04EC0-301F-11D3-BF4B-00C04F79EFBC}") = "FrotaApp.Infrastructure.Output", "FrotaApp.Infrastructure.Output\FrotaApp.Infrastructure.Output.csproj", "{7647CF50-D543-4CE5-9061-D57DCF70A469}"
EndProject
Project("{FAE04EC0-301F-11D3-BF4B-00C04F79EFBC}") = "FrotaApp.Infrastructure.Shared", "FrotaApp.Infrastructure.Shared\FrotaApp.Infrastructure.Shared.csproj", "{6D9199C3-BB5B-4EEA-A20F-7C613FCC9B22}"
EndProject
Global
	GlobalSection(SolutionConfigurationPlatforms) = preSolution
		Debug|Any CPU = Debug|Any CPU
		Release|Any CPU = Release|Any CPU
	EndGlobalSection
	GlobalSection(ProjectConfigurationPlatforms) = postSolution
		{E134F0D7-7B82-4444-8135-B7A366FA5981}.Debug|Any CPU.ActiveCfg = Debug|Any CPU
		{E134F0D7-7B82-4444-8135-B7A366FA5981}.Debug|Any CPU.Build.0 = Debug|Any CPU
		{E134F0D7-7B82-4444-8135-B7A366FA5981}.Release|Any CPU.ActiveCfg = Release|Any CPU
		{E134F0D7-7B82-4444-8135-B7A366FA5981}.Release|Any CPU.Build.0 = Release|Any CPU
		{49F056FB-778A-4C36-A615-0E22474274B8}.Debug|Any CPU.ActiveCfg = Debug|Any CPU
		{49F056FB-778A-4C36-A615-0E22474274B8}.Debug|Any CPU.Build.0 = Debug|Any CPU
		{49F056FB-778A-4C36-A615-0E22474274B8}.Release|Any CPU.ActiveCfg = Release|Any CPU
		{49F056FB-778A-4C36-A615-0E22474274B8}.Release|Any CPU.Build.0 = Release|Any CPU
		{C82B33B5-00BD-4315-9EE4-827E6F499791}.Debug|Any CPU.ActiveCfg = Debug|Any CPU
		{C82B33B5-00BD-4315-9EE4-827E6F499791}.Debug|Any CPU.Build.0 = Debug|Any CPU
		{C82B33B5-00BD-4315-9EE4-827E6F499791}.Release|Any CPU.ActiveCfg = Release|Any CPU
		{C82B33B5-00BD-4315-9EE4-827E6F499791}.Release|Any CPU.Build.0 = Release|Any CPU
		{8EBC85A0-CBF3-408C-9F33-F3AC5110F844}.Debug|Any CPU.ActiveCfg = Debug|Any CPU
		{8EBC85A0-CBF3-408C-9F33-F3AC5110F844}.Debug|Any CPU.Build.0 = Debug|Any CPU
		{8EBC85A0-CBF3-408C-9F33-F3AC5110F844}.Release|Any CPU.ActiveCfg = Release|Any CPU
		{8EBC85A0-CBF3-408C-9F33-F3AC5110F844}.Release|Any CPU.Build.0 = Release|Any CPU
		{65624CD6-DD51-4591-BEA1-EEF52C0AAB64}.Debug|Any CPU.ActiveCfg = Debug|Any CPU
		{65624CD6-DD51-4591-BEA1-EEF52C0AAB64}.Debug|Any CPU.Build.0 = Debug|Any CPU
		{65624CD6-DD51-4591-BEA1-EEF52C0AAB64}.Release|Any CPU.ActiveCfg = Release|Any CPU
		{65624CD6-DD51-4591-BEA1-EEF52C0AAB64}.Release|Any CPU.Build.0 = Release|Any CPU
		{7647CF50-D543-4CE5-9061-D57DCF70A469}.Debug|Any CPU.ActiveCfg = Debug|Any CPU
		{7647CF50-D543-4CE5-9061-D57DCF70A469}.Debug|Any CPU.Build.0 = Debug|Any CPU
		{7647CF50-D543-4CE5-9061-D57DCF70A469}.Release|Any CPU.ActiveCfg = Release|Any CPU
		{7647CF50-D543-4CE5-9061-D57DCF70A469}.Release|Any CPU.Build.0 = Release|Any CPU
		{6D9199C3-BB5B-4EEA-A20F-7C613FCC9B22}.Debug|Any CPU.ActiveCfg = Debug|Any CPU
		{6D9199C3-BB5B-4EEA-A20F-7C613FCC9B22}.Debug|Any CPU.Build.0 = Debug|Any CPU
		{6D9199C3-BB5B-4EEA-A20F-7C613FCC9B22}.Release|Any CPU.ActiveCfg = Release|Any CPU
		{6D9199C3-BB5B-4EEA-A20F-7C613FCC9B22}.Release|Any CPU.Build.0 = Release|Any CPU
	EndGlobalSection
	GlobalSection(SolutionProperties) = preSolution
		HideSolutionNode = FALSE
	EndGlobalSection
	GlobalSection(ExtensibilityGlobals) = postSolution
		SolutionGuid = {7A5ACDCF-956C-42F8-BBF4-8EEEB1F1B311}
	EndGlobalSection
EndGlobal
